{
  "version": 4,
  "terraform_version": "0.14.5",
  "serial": 740,
  "lineage": "bbc52e27-658c-d527-5cab-78e0b7d19b01",
  "outputs": {
    "cluster_name": {
      "value": "ip-172-31-43-193.k8s.local",
      "type": "string"
    },
    "master_autoscaling_group_ids": {
      "value": [
        "master-ap-south-1b.masters.ip-172-31-43-193.k8s.local"
      ],
      "type": [
        "tuple",
        [
          "string"
        ]
      ]
    },
    "master_security_group_ids": {
      "value": [
        "sg-0b5c2c301849a3258"
      ],
      "type": [
        "tuple",
        [
          "string"
        ]
      ]
    },
    "masters_role_arn": {
      "value": "arn:aws:iam::316744313301:role/masters.ip-172-31-43-193.k8s.local",
      "type": "string"
    },
    "masters_role_name": {
      "value": "masters.ip-172-31-43-193.k8s.local",
      "type": "string"
    },
    "node_autoscaling_group_ids": {
      "value": [
        "nodes.ip-172-31-43-193.k8s.local"
      ],
      "type": [
        "tuple",
        [
          "string"
        ]
      ]
    },
    "node_security_group_ids": {
      "value": [
        "sg-07f7aedfbcbdb3112"
      ],
      "type": [
        "tuple",
        [
          "string"
        ]
      ]
    },
    "node_subnet_ids": {
      "value": [
        "subnet-0e1103b3ecf58cf6a"
      ],
      "type": [
        "tuple",
        [
          "string"
        ]
      ]
    },
    "nodes_role_arn": {
      "value": "arn:aws:iam::316744313301:role/nodes.ip-172-31-43-193.k8s.local",
      "type": "string"
    },
    "nodes_role_name": {
      "value": "nodes.ip-172-31-43-193.k8s.local",
      "type": "string"
    },
    "region": {
      "value": "ap-south-1",
      "type": "string"
    },
    "route_table_public_id": {
      "value": "rtb-0a0a4d5b131a4f7ee",
      "type": "string"
    },
    "subnet_ap-south-1b_id": {
      "value": "subnet-0e1103b3ecf58cf6a",
      "type": "string"
    },
    "vpc_cidr_block": {
      "value": "172.20.0.0/16",
      "type": "string"
    },
    "vpc_id": {
      "value": "vpc-0d49ad6b962f473ce",
      "type": "string"
    }
  },
  "resources": [
    {
      "mode": "managed",
      "type": "aws_autoscaling_attachment",
      "name": "master-ap-south-1b-masters-ip-172-31-43-193-k8s-local",
      "provider": "provider[\"registry.terraform.io/hashicorp/aws\"]",
      "instances": [
        {
          "schema_version": 0,
          "attributes": {
            "alb_target_group_arn": null,
            "autoscaling_group_name": "master-ap-south-1b.masters.ip-172-31-43-193.k8s.local",
            "elb": "api-ip-172-31-43-193-k8s--s174bc",
            "id": "master-ap-south-1b.masters.ip-172-31-43-193.k8s.local-20210318152547354100000003"
          },
          "sensitive_attributes": [],
          "private": "bnVsbA==",
          "dependencies": [
            "aws_autoscaling_group.master-ap-south-1b-masters-ip-172-31-43-193-k8s-local",
            "aws_elb.api-ip-172-31-43-193-k8s-local",
            "aws_iam_instance_profile.masters-ip-172-31-43-193-k8s-local",
            "aws_iam_role.masters-ip-172-31-43-193-k8s-local",
            "aws_key_pair.kubernetes-ip-172-31-43-193-k8s-local-979172cdc4c39ae0f3f0b04a57a11edf",
            "aws_launch_configuration.master-ap-south-1b-masters-ip-172-31-43-193-k8s-local",
            "aws_security_group.api-elb-ip-172-31-43-193-k8s-local",
            "aws_security_group.masters-ip-172-31-43-193-k8s-local",
            "aws_subnet.ap-south-1b-ip-172-31-43-193-k8s-local",
            "aws_vpc.ip-172-31-43-193-k8s-local"
          ]
        }
      ]
    },
    {
      "mode": "managed",
      "type": "aws_autoscaling_group",
      "name": "master-ap-south-1b-masters-ip-172-31-43-193-k8s-local",
      "provider": "provider[\"registry.terraform.io/hashicorp/aws\"]",
      "instances": [
        {
          "schema_version": 0,
          "attributes": {
            "arn": "arn:aws:autoscaling:ap-south-1:316744313301:autoScalingGroup:e4d82eb2-8a7b-41e0-b887-aaa935718035:autoScalingGroupName/master-ap-south-1b.masters.ip-172-31-43-193.k8s.local",
            "availability_zones": [
              "ap-south-1b"
            ],
            "capacity_rebalance": false,
            "default_cooldown": 300,
            "desired_capacity": 1,
            "enabled_metrics": [
              "GroupDesiredCapacity",
              "GroupInServiceInstances",
              "GroupMaxSize",
              "GroupMinSize",
              "GroupPendingInstances",
              "GroupStandbyInstances",
              "GroupTerminatingInstances",
              "GroupTotalInstances"
            ],
            "force_delete": false,
            "health_check_grace_period": 300,
            "health_check_type": "EC2",
            "id": "master-ap-south-1b.masters.ip-172-31-43-193.k8s.local",
            "initial_lifecycle_hook": [],
            "instance_refresh": [],
            "launch_configuration": "master-ap-south-1b.masters.ip-172-31-43-193.k8s.local-20210318152456450300000001",
            "launch_template": [],
            "load_balancers": [],
            "max_instance_lifetime": 0,
            "max_size": 1,
            "metrics_granularity": "1Minute",
            "min_elb_capacity": null,
            "min_size": 1,
            "mixed_instances_policy": [],
            "name": "master-ap-south-1b.masters.ip-172-31-43-193.k8s.local",
            "name_prefix": null,
            "placement_group": "",
            "protect_from_scale_in": false,
            "service_linked_role_arn": "arn:aws:iam::316744313301:role/aws-service-role/autoscaling.amazonaws.com/AWSServiceRoleForAutoScaling",
            "suspended_processes": [],
            "tag": [
              {
                "key": "KubernetesCluster",
                "propagate_at_launch": true,
                "value": "ip-172-31-43-193.k8s.local"
              },
              {
                "key": "Name",
                "propagate_at_launch": true,
                "value": "master-ap-south-1b.masters.ip-172-31-43-193.k8s.local"
              },
              {
                "key": "k8s.io/cluster-autoscaler/node-template/label/kops.k8s.io/instancegroup",
                "propagate_at_launch": true,
                "value": "master-ap-south-1b"
              },
              {
                "key": "k8s.io/role/master",
                "propagate_at_launch": true,
                "value": "1"
              },
              {
                "key": "kops.k8s.io/instancegroup",
                "propagate_at_launch": true,
                "value": "master-ap-south-1b"
              },
              {
                "key": "kubernetes.io/cluster/ip-172-31-43-193.k8s.local",
                "propagate_at_launch": true,
                "value": "owned"
              }
            ],
            "tags": null,
            "target_group_arns": [],
            "termination_policies": [],
            "timeouts": null,
            "vpc_zone_identifier": [
              "subnet-0e1103b3ecf58cf6a"
            ],
            "wait_for_capacity_timeout": "10m",
            "wait_for_elb_capacity": null
          },
          "sensitive_attributes": [],
          "private": "eyJlMmJmYjczMC1lY2FhLTExZTYtOGY4OC0zNDM2M2JjN2M0YzAiOnsiZGVsZXRlIjo2MDAwMDAwMDAwMDB9fQ==",
          "dependencies": [
            "aws_launch_configuration.master-ap-south-1b-masters-ip-172-31-43-193-k8s-local",
            "aws_subnet.ap-south-1b-ip-172-31-43-193-k8s-local"
          ]
        }
      ]
    },
    {
      "mode": "managed",
      "type": "aws_autoscaling_group",
      "name": "nodes-ip-172-31-43-193-k8s-local",
      "provider": "provider[\"registry.terraform.io/hashicorp/aws\"]",
      "instances": [
        {
          "schema_version": 0,
          "attributes": {
            "arn": "arn:aws:autoscaling:ap-south-1:316744313301:autoScalingGroup:7f2bc60f-9026-4c0f-8f60-b99b4da40f39:autoScalingGroupName/nodes.ip-172-31-43-193.k8s.local",
            "availability_zones": [
              "ap-south-1b"
            ],
            "capacity_rebalance": false,
            "default_cooldown": 300,
            "desired_capacity": 2,
            "enabled_metrics": [
              "GroupDesiredCapacity",
              "GroupInServiceInstances",
              "GroupMaxSize",
              "GroupMinSize",
              "GroupPendingInstances",
              "GroupStandbyInstances",
              "GroupTerminatingInstances",
              "GroupTotalInstances"
            ],
            "force_delete": false,
            "health_check_grace_period": 300,
            "health_check_type": "EC2",
            "id": "nodes.ip-172-31-43-193.k8s.local",
            "initial_lifecycle_hook": [],
            "instance_refresh": [],
            "launch_configuration": "nodes.ip-172-31-43-193.k8s.local-20210318152456461400000002",
            "launch_template": [],
            "load_balancers": [],
            "max_instance_lifetime": 0,
            "max_size": 2,
            "metrics_granularity": "1Minute",
            "min_elb_capacity": null,
            "min_size": 2,
            "mixed_instances_policy": [],
            "name": "nodes.ip-172-31-43-193.k8s.local",
            "name_prefix": null,
            "placement_group": "",
            "protect_from_scale_in": false,
            "service_linked_role_arn": "arn:aws:iam::316744313301:role/aws-service-role/autoscaling.amazonaws.com/AWSServiceRoleForAutoScaling",
            "suspended_processes": [],
            "tag": [
              {
                "key": "KubernetesCluster",
                "propagate_at_launch": true,
                "value": "ip-172-31-43-193.k8s.local"
              },
              {
                "key": "Name",
                "propagate_at_launch": true,
                "value": "nodes.ip-172-31-43-193.k8s.local"
              },
              {
                "key": "k8s.io/cluster-autoscaler/node-template/label/kops.k8s.io/instancegroup",
                "propagate_at_launch": true,
                "value": "nodes"
              },
              {
                "key": "k8s.io/role/node",
                "propagate_at_launch": true,
                "value": "1"
              },
              {
                "key": "kops.k8s.io/instancegroup",
                "propagate_at_launch": true,
                "value": "nodes"
              },
              {
                "key": "kubernetes.io/cluster/ip-172-31-43-193.k8s.local",
                "propagate_at_launch": true,
                "value": "owned"
              }
            ],
            "tags": null,
            "target_group_arns": [],
            "termination_policies": [],
            "timeouts": null,
            "vpc_zone_identifier": [
              "subnet-0e1103b3ecf58cf6a"
            ],
            "wait_for_capacity_timeout": "10m",
            "wait_for_elb_capacity": null
          },
          "sensitive_attributes": [],
          "private": "eyJlMmJmYjczMC1lY2FhLTExZTYtOGY4OC0zNDM2M2JjN2M0YzAiOnsiZGVsZXRlIjo2MDAwMDAwMDAwMDB9fQ==",
          "dependencies": [
            "aws_iam_instance_profile.nodes-ip-172-31-43-193-k8s-local",
            "aws_iam_role.nodes-ip-172-31-43-193-k8s-local",
            "aws_key_pair.kubernetes-ip-172-31-43-193-k8s-local-979172cdc4c39ae0f3f0b04a57a11edf",
            "aws_launch_configuration.nodes-ip-172-31-43-193-k8s-local",
            "aws_security_group.nodes-ip-172-31-43-193-k8s-local",
            "aws_subnet.ap-south-1b-ip-172-31-43-193-k8s-local",
            "aws_vpc.ip-172-31-43-193-k8s-local"
          ]
        }
      ]
    },
    {
      "mode": "managed",
      "type": "aws_ebs_volume",
      "name": "b-etcd-events-ip-172-31-43-193-k8s-local",
      "provider": "provider[\"registry.terraform.io/hashicorp/aws\"]",
      "instances": [
        {
          "schema_version": 0,
          "attributes": {
            "arn": "arn:aws:ec2:ap-south-1:316744313301:volume/vol-0fe607201f1221063",
            "availability_zone": "ap-south-1b",
            "encrypted": false,
            "id": "vol-0fe607201f1221063",
            "iops": 100,
            "kms_key_id": "",
            "multi_attach_enabled": false,
            "outpost_arn": "",
            "size": 20,
            "snapshot_id": "",
            "tags": {
              "KubernetesCluster": "ip-172-31-43-193.k8s.local",
              "Name": "b.etcd-events.ip-172-31-43-193.k8s.local",
              "k8s.io/etcd/events": "b/b",
              "k8s.io/role/master": "1",
              "kubernetes.io/cluster/ip-172-31-43-193.k8s.local": "owned"
            },
            "throughput": 0,
            "type": "gp2"
          },
          "sensitive_attributes": [],
          "private": "bnVsbA=="
        }
      ]
    },
    {
      "mode": "managed",
      "type": "aws_ebs_volume",
      "name": "b-etcd-main-ip-172-31-43-193-k8s-local",
      "provider": "provider[\"registry.terraform.io/hashicorp/aws\"]",
      "instances": [
        {
          "schema_version": 0,
          "attributes": {
            "arn": "arn:aws:ec2:ap-south-1:316744313301:volume/vol-0ef641b532c5c3bf2",
            "availability_zone": "ap-south-1b",
            "encrypted": false,
            "id": "vol-0ef641b532c5c3bf2",
            "iops": 100,
            "kms_key_id": "",
            "multi_attach_enabled": false,
            "outpost_arn": "",
            "size": 20,
            "snapshot_id": "",
            "tags": {
              "KubernetesCluster": "ip-172-31-43-193.k8s.local",
              "Name": "b.etcd-main.ip-172-31-43-193.k8s.local",
              "k8s.io/etcd/main": "b/b",
              "k8s.io/role/master": "1",
              "kubernetes.io/cluster/ip-172-31-43-193.k8s.local": "owned"
            },
            "throughput": 0,
            "type": "gp2"
          },
          "sensitive_attributes": [],
          "private": "bnVsbA=="
        }
      ]
    },
    {
      "mode": "managed",
      "type": "aws_elb",
      "name": "api-ip-172-31-43-193-k8s-local",
      "provider": "provider[\"registry.terraform.io/hashicorp/aws\"]",
      "instances": [
        {
          "schema_version": 0,
          "attributes": {
            "access_logs": [],
            "arn": "arn:aws:elasticloadbalancing:ap-south-1:316744313301:loadbalancer/api-ip-172-31-43-193-k8s--s174bc",
            "availability_zones": [
              "ap-south-1b"
            ],
            "connection_draining": false,
            "connection_draining_timeout": 300,
            "cross_zone_load_balancing": false,
            "dns_name": "api-ip-172-31-43-193-k8s--s174bc-131147495.ap-south-1.elb.amazonaws.com",
            "health_check": [
              {
                "healthy_threshold": 2,
                "interval": 10,
                "target": "SSL:443",
                "timeout": 5,
                "unhealthy_threshold": 2
              }
            ],
            "id": "api-ip-172-31-43-193-k8s--s174bc",
            "idle_timeout": 300,
            "instances": [
              "i-08c5aac2b0bf76126"
            ],
            "internal": false,
            "listener": [
              {
                "instance_port": 443,
                "instance_protocol": "tcp",
                "lb_port": 443,
                "lb_protocol": "tcp",
                "ssl_certificate_id": ""
              }
            ],
            "name": "api-ip-172-31-43-193-k8s--s174bc",
            "name_prefix": null,
            "security_groups": [
              "sg-075d7d242f5e37d67"
            ],
            "source_security_group": "316744313301/api-elb.ip-172-31-43-193.k8s.local",
            "source_security_group_id": "sg-075d7d242f5e37d67",
            "subnets": [
              "subnet-0e1103b3ecf58cf6a"
            ],
            "tags": {
              "KubernetesCluster": "ip-172-31-43-193.k8s.local",
              "Name": "api.ip-172-31-43-193.k8s.local",
              "kubernetes.io/cluster/ip-172-31-43-193.k8s.local": "owned"
            },
            "zone_id": "ZP97RAFLXTNZK"
          },
          "sensitive_attributes": [],
          "private": "bnVsbA==",
          "dependencies": [
            "aws_security_group.api-elb-ip-172-31-43-193-k8s-local",
            "aws_subnet.ap-south-1b-ip-172-31-43-193-k8s-local",
            "aws_vpc.ip-172-31-43-193-k8s-local"
          ]
        }
      ]
    },
    {
      "mode": "managed",
      "type": "aws_iam_instance_profile",
      "name": "masters-ip-172-31-43-193-k8s-local",
      "provider": "provider[\"registry.terraform.io/hashicorp/aws\"]",
      "instances": [
        {
          "schema_version": 0,
          "attributes": {
            "arn": "arn:aws:iam::316744313301:instance-profile/masters.ip-172-31-43-193.k8s.local",
            "create_date": "2021-03-18T15:24:48Z",
            "id": "masters.ip-172-31-43-193.k8s.local",
            "name": "masters.ip-172-31-43-193.k8s.local",
            "name_prefix": null,
            "path": "/",
            "role": "masters.ip-172-31-43-193.k8s.local",
            "unique_id": "AIPAUTP3OVHKSQ4CXPVGK"
          },
          "sensitive_attributes": [],
          "private": "bnVsbA==",
          "dependencies": [
            "aws_iam_role.masters-ip-172-31-43-193-k8s-local"
          ],
          "create_before_destroy": true
        }
      ]
    },
    {
      "mode": "managed",
      "type": "aws_iam_instance_profile",
      "name": "nodes-ip-172-31-43-193-k8s-local",
      "provider": "provider[\"registry.terraform.io/hashicorp/aws\"]",
      "instances": [
        {
          "schema_version": 0,
          "attributes": {
            "arn": "arn:aws:iam::316744313301:instance-profile/nodes.ip-172-31-43-193.k8s.local",
            "create_date": "2021-03-18T15:24:48Z",
            "id": "nodes.ip-172-31-43-193.k8s.local",
            "name": "nodes.ip-172-31-43-193.k8s.local",
            "name_prefix": null,
            "path": "/",
            "role": "nodes.ip-172-31-43-193.k8s.local",
            "unique_id": "AIPAUTP3OVHK7PNIRBZEO"
          },
          "sensitive_attributes": [],
          "private": "bnVsbA==",
          "dependencies": [
            "aws_iam_role.nodes-ip-172-31-43-193-k8s-local"
          ],
          "create_before_destroy": true
        }
      ]
    },
    {
      "mode": "managed",
      "type": "aws_iam_role",
      "name": "masters-ip-172-31-43-193-k8s-local",
      "provider": "provider[\"registry.terraform.io/hashicorp/aws\"]",
      "instances": [
        {
          "schema_version": 0,
          "attributes": {
            "arn": "arn:aws:iam::316744313301:role/masters.ip-172-31-43-193.k8s.local",
            "assume_role_policy": "{\"Version\":\"2012-10-17\",\"Statement\":[{\"Effect\":\"Allow\",\"Principal\":{\"Service\":\"ec2.amazonaws.com\"},\"Action\":\"sts:AssumeRole\"}]}",
            "create_date": "2021-03-18T15:24:45Z",
            "description": "",
            "force_detach_policies": false,
            "id": "masters.ip-172-31-43-193.k8s.local",
            "inline_policy": [
              {
                "name": "masters.ip-172-31-43-193.k8s.local",
                "policy": "{\n  \"Version\": \"2012-10-17\",\n  \"Statement\": [\n    {\n      \"Effect\": \"Allow\",\n      \"Action\": [\n        \"ec2:DescribeAccountAttributes\",\n        \"ec2:DescribeInstances\",\n        \"ec2:DescribeInternetGateways\",\n        \"ec2:DescribeRegions\",\n        \"ec2:DescribeRouteTables\",\n        \"ec2:DescribeSecurityGroups\",\n        \"ec2:DescribeSubnets\",\n        \"ec2:DescribeVolumes\"\n      ],\n      \"Resource\": [\n        \"*\"\n      ]\n    },\n    {\n      \"Effect\": \"Allow\",\n      \"Action\": [\n        \"ec2:CreateSecurityGroup\",\n        \"ec2:CreateTags\",\n        \"ec2:CreateVolume\",\n        \"ec2:DescribeVolumesModifications\",\n        \"ec2:ModifyInstanceAttribute\",\n        \"ec2:ModifyVolume\"\n      ],\n      \"Resource\": [\n        \"*\"\n      ]\n    },\n    {\n      \"Effect\": \"Allow\",\n      \"Action\": [\n        \"ec2:AttachVolume\",\n        \"ec2:AuthorizeSecurityGroupIngress\",\n        \"ec2:CreateRoute\",\n        \"ec2:DeleteRoute\",\n        \"ec2:DeleteSecurityGroup\",\n        \"ec2:DeleteVolume\",\n        \"ec2:DetachVolume\",\n        \"ec2:RevokeSecurityGroupIngress\"\n      ],\n      \"Resource\": [\n        \"*\"\n      ],\n      \"Condition\": {\n        \"StringEquals\": {\n          \"ec2:ResourceTag/KubernetesCluster\": \"ip-172-31-43-193.k8s.local\"\n        }\n      }\n    },\n    {\n      \"Effect\": \"Allow\",\n      \"Action\": [\n        \"autoscaling:DescribeAutoScalingGroups\",\n        \"autoscaling:DescribeLaunchConfigurations\",\n        \"autoscaling:DescribeTags\",\n        \"ec2:DescribeLaunchTemplateVersions\"\n      ],\n      \"Resource\": [\n        \"*\"\n      ]\n    },\n    {\n      \"Effect\": \"Allow\",\n      \"Action\": [\n        \"autoscaling:SetDesiredCapacity\",\n        \"autoscaling:TerminateInstanceInAutoScalingGroup\",\n        \"autoscaling:UpdateAutoScalingGroup\"\n      ],\n      \"Resource\": [\n        \"*\"\n      ],\n      \"Condition\": {\n        \"StringEquals\": {\n          \"autoscaling:ResourceTag/KubernetesCluster\": \"ip-172-31-43-193.k8s.local\"\n        }\n      }\n    },\n    {\n      \"Effect\": \"Allow\",\n      \"Action\": [\n        \"elasticloadbalancing:AddTags\",\n        \"elasticloadbalancing:AttachLoadBalancerToSubnets\",\n        \"elasticloadbalancing:ApplySecurityGroupsToLoadBalancer\",\n        \"elasticloadbalancing:CreateLoadBalancer\",\n        \"elasticloadbalancing:CreateLoadBalancerPolicy\",\n        \"elasticloadbalancing:CreateLoadBalancerListeners\",\n        \"elasticloadbalancing:ConfigureHealthCheck\",\n        \"elasticloadbalancing:DeleteLoadBalancer\",\n        \"elasticloadbalancing:DeleteLoadBalancerListeners\",\n        \"elasticloadbalancing:DescribeLoadBalancers\",\n        \"elasticloadbalancing:DescribeLoadBalancerAttributes\",\n        \"elasticloadbalancing:DetachLoadBalancerFromSubnets\",\n        \"elasticloadbalancing:DeregisterInstancesFromLoadBalancer\",\n        \"elasticloadbalancing:ModifyLoadBalancerAttributes\",\n        \"elasticloadbalancing:RegisterInstancesWithLoadBalancer\",\n        \"elasticloadbalancing:SetLoadBalancerPoliciesForBackendServer\"\n      ],\n      \"Resource\": [\n        \"*\"\n      ]\n    },\n    {\n      \"Effect\": \"Allow\",\n      \"Action\": [\n        \"ec2:DescribeVpcs\",\n        \"elasticloadbalancing:AddTags\",\n        \"elasticloadbalancing:CreateListener\",\n        \"elasticloadbalancing:CreateTargetGroup\",\n        \"elasticloadbalancing:DeleteListener\",\n        \"elasticloadbalancing:DeleteTargetGroup\",\n        \"elasticloadbalancing:DeregisterTargets\",\n        \"elasticloadbalancing:DescribeListeners\",\n        \"elasticloadbalancing:DescribeLoadBalancerPolicies\",\n        \"elasticloadbalancing:DescribeTargetGroups\",\n        \"elasticloadbalancing:DescribeTargetHealth\",\n        \"elasticloadbalancing:ModifyListener\",\n        \"elasticloadbalancing:ModifyTargetGroup\",\n        \"elasticloadbalancing:RegisterTargets\",\n        \"elasticloadbalancing:SetLoadBalancerPoliciesOfListener\"\n      ],\n      \"Resource\": [\n        \"*\"\n      ]\n    },\n    {\n      \"Effect\": \"Allow\",\n      \"Action\": [\n        \"iam:ListServerCertificates\",\n        \"iam:GetServerCertificate\"\n      ],\n      \"Resource\": [\n        \"*\"\n      ]\n    },\n    {\n      \"Effect\": \"Allow\",\n      \"Action\": [\n        \"s3:GetBucketLocation\",\n        \"s3:GetEncryptionConfiguration\",\n        \"s3:ListBucket\",\n        \"s3:ListBucketVersions\"\n      ],\n      \"Resource\": [\n        \"arn:aws:s3:::testenv-k8s-sal\"\n      ]\n    },\n    {\n      \"Effect\": \"Allow\",\n      \"Action\": [\n        \"s3:Get*\"\n      ],\n      \"Resource\": \"arn:aws:s3:::testenv-k8s-sal/ip-172-31-43-193.k8s.local/*\"\n    },\n    {\n      \"Effect\": \"Allow\",\n      \"Action\": [\n        \"s3:GetObject\",\n        \"s3:DeleteObject\",\n        \"s3:DeleteObjectVersion\",\n        \"s3:PutObject\"\n      ],\n      \"Resource\": \"arn:aws:s3:::testenv-k8s-sal/ip-172-31-43-193.k8s.local/backups/etcd/main/*\"\n    },\n    {\n      \"Effect\": \"Allow\",\n      \"Action\": [\n        \"s3:GetObject\",\n        \"s3:DeleteObject\",\n        \"s3:DeleteObjectVersion\",\n        \"s3:PutObject\"\n      ],\n      \"Resource\": \"arn:aws:s3:::testenv-k8s-sal/ip-172-31-43-193.k8s.local/backups/etcd/events/*\"\n    },\n    {\n      \"Effect\": \"Allow\",\n      \"Action\": [\n        \"ecr:GetAuthorizationToken\",\n        \"ecr:BatchCheckLayerAvailability\",\n        \"ecr:GetDownloadUrlForLayer\",\n        \"ecr:GetRepositoryPolicy\",\n        \"ecr:DescribeRepositories\",\n        \"ecr:ListImages\",\n        \"ecr:BatchGetImage\"\n      ],\n      \"Resource\": [\n        \"*\"\n      ]\n    }\n  ]\n}"
              }
            ],
            "managed_policy_arns": [],
            "max_session_duration": 3600,
            "name": "masters.ip-172-31-43-193.k8s.local",
            "name_prefix": null,
            "path": "/",
            "permissions_boundary": null,
            "tags": {},
            "unique_id": "AROAUTP3OVHK5LRL7WULX"
          },
          "sensitive_attributes": [],
          "private": "bnVsbA==",
          "create_before_destroy": true
        }
      ]
    },
    {
      "mode": "managed",
      "type": "aws_iam_role",
      "name": "nodes-ip-172-31-43-193-k8s-local",
      "provider": "provider[\"registry.terraform.io/hashicorp/aws\"]",
      "instances": [
        {
          "schema_version": 0,
          "attributes": {
            "arn": "arn:aws:iam::316744313301:role/nodes.ip-172-31-43-193.k8s.local",
            "assume_role_policy": "{\"Version\":\"2012-10-17\",\"Statement\":[{\"Effect\":\"Allow\",\"Principal\":{\"Service\":\"ec2.amazonaws.com\"},\"Action\":\"sts:AssumeRole\"}]}",
            "create_date": "2021-03-18T15:24:45Z",
            "description": "",
            "force_detach_policies": false,
            "id": "nodes.ip-172-31-43-193.k8s.local",
            "inline_policy": [
              {
                "name": "nodes.ip-172-31-43-193.k8s.local",
                "policy": "{\n  \"Version\": \"2012-10-17\",\n  \"Statement\": [\n    {\n      \"Effect\": \"Allow\",\n      \"Action\": [\n        \"ec2:DescribeInstances\",\n        \"ec2:DescribeRegions\"\n      ],\n      \"Resource\": [\n        \"*\"\n      ]\n    },\n    {\n      \"Effect\": \"Allow\",\n      \"Action\": [\n        \"s3:GetBucketLocation\",\n        \"s3:GetEncryptionConfiguration\",\n        \"s3:ListBucket\",\n        \"s3:ListBucketVersions\"\n      ],\n      \"Resource\": [\n        \"arn:aws:s3:::testenv-k8s-sal\"\n      ]\n    },\n    {\n      \"Effect\": \"Allow\",\n      \"Action\": [\n        \"s3:Get*\"\n      ],\n      \"Resource\": [\n        \"arn:aws:s3:::testenv-k8s-sal/ip-172-31-43-193.k8s.local/addons/*\",\n        \"arn:aws:s3:::testenv-k8s-sal/ip-172-31-43-193.k8s.local/cluster.spec\",\n        \"arn:aws:s3:::testenv-k8s-sal/ip-172-31-43-193.k8s.local/config\",\n        \"arn:aws:s3:::testenv-k8s-sal/ip-172-31-43-193.k8s.local/instancegroup/*\",\n        \"arn:aws:s3:::testenv-k8s-sal/ip-172-31-43-193.k8s.local/pki/issued/*\",\n        \"arn:aws:s3:::testenv-k8s-sal/ip-172-31-43-193.k8s.local/pki/private/kube-proxy/*\",\n        \"arn:aws:s3:::testenv-k8s-sal/ip-172-31-43-193.k8s.local/pki/private/kubelet/*\",\n        \"arn:aws:s3:::testenv-k8s-sal/ip-172-31-43-193.k8s.local/pki/ssh/*\",\n        \"arn:aws:s3:::testenv-k8s-sal/ip-172-31-43-193.k8s.local/secrets/dockerconfig\"\n      ]\n    },\n    {\n      \"Effect\": \"Allow\",\n      \"Action\": [\n        \"ecr:GetAuthorizationToken\",\n        \"ecr:BatchCheckLayerAvailability\",\n        \"ecr:GetDownloadUrlForLayer\",\n        \"ecr:GetRepositoryPolicy\",\n        \"ecr:DescribeRepositories\",\n        \"ecr:ListImages\",\n        \"ecr:BatchGetImage\"\n      ],\n      \"Resource\": [\n        \"*\"\n      ]\n    }\n  ]\n}"
              }
            ],
            "managed_policy_arns": [],
            "max_session_duration": 3600,
            "name": "nodes.ip-172-31-43-193.k8s.local",
            "name_prefix": null,
            "path": "/",
            "permissions_boundary": null,
            "tags": {},
            "unique_id": "AROAUTP3OVHKY4EP6GRVR"
          },
          "sensitive_attributes": [],
          "private": "bnVsbA==",
          "create_before_destroy": true
        }
      ]
    },
    {
      "mode": "managed",
      "type": "aws_iam_role_policy",
      "name": "masters-ip-172-31-43-193-k8s-local",
      "provider": "provider[\"registry.terraform.io/hashicorp/aws\"]",
      "instances": [
        {
          "schema_version": 0,
          "attributes": {
            "id": "masters.ip-172-31-43-193.k8s.local:masters.ip-172-31-43-193.k8s.local",
            "name": "masters.ip-172-31-43-193.k8s.local",
            "name_prefix": null,
            "policy": "{\n  \"Version\": \"2012-10-17\",\n  \"Statement\": [\n    {\n      \"Effect\": \"Allow\",\n      \"Action\": [\n        \"ec2:DescribeAccountAttributes\",\n        \"ec2:DescribeInstances\",\n        \"ec2:DescribeInternetGateways\",\n        \"ec2:DescribeRegions\",\n        \"ec2:DescribeRouteTables\",\n        \"ec2:DescribeSecurityGroups\",\n        \"ec2:DescribeSubnets\",\n        \"ec2:DescribeVolumes\"\n      ],\n      \"Resource\": [\n        \"*\"\n      ]\n    },\n    {\n      \"Effect\": \"Allow\",\n      \"Action\": [\n        \"ec2:CreateSecurityGroup\",\n        \"ec2:CreateTags\",\n        \"ec2:CreateVolume\",\n        \"ec2:DescribeVolumesModifications\",\n        \"ec2:ModifyInstanceAttribute\",\n        \"ec2:ModifyVolume\"\n      ],\n      \"Resource\": [\n        \"*\"\n      ]\n    },\n    {\n      \"Effect\": \"Allow\",\n      \"Action\": [\n        \"ec2:AttachVolume\",\n        \"ec2:AuthorizeSecurityGroupIngress\",\n        \"ec2:CreateRoute\",\n        \"ec2:DeleteRoute\",\n        \"ec2:DeleteSecurityGroup\",\n        \"ec2:DeleteVolume\",\n        \"ec2:DetachVolume\",\n        \"ec2:RevokeSecurityGroupIngress\"\n      ],\n      \"Resource\": [\n        \"*\"\n      ],\n      \"Condition\": {\n        \"StringEquals\": {\n          \"ec2:ResourceTag/KubernetesCluster\": \"ip-172-31-43-193.k8s.local\"\n        }\n      }\n    },\n    {\n      \"Effect\": \"Allow\",\n      \"Action\": [\n        \"autoscaling:DescribeAutoScalingGroups\",\n        \"autoscaling:DescribeLaunchConfigurations\",\n        \"autoscaling:DescribeTags\",\n        \"ec2:DescribeLaunchTemplateVersions\"\n      ],\n      \"Resource\": [\n        \"*\"\n      ]\n    },\n    {\n      \"Effect\": \"Allow\",\n      \"Action\": [\n        \"autoscaling:SetDesiredCapacity\",\n        \"autoscaling:TerminateInstanceInAutoScalingGroup\",\n        \"autoscaling:UpdateAutoScalingGroup\"\n      ],\n      \"Resource\": [\n        \"*\"\n      ],\n      \"Condition\": {\n        \"StringEquals\": {\n          \"autoscaling:ResourceTag/KubernetesCluster\": \"ip-172-31-43-193.k8s.local\"\n        }\n      }\n    },\n    {\n      \"Effect\": \"Allow\",\n      \"Action\": [\n        \"elasticloadbalancing:AddTags\",\n        \"elasticloadbalancing:AttachLoadBalancerToSubnets\",\n        \"elasticloadbalancing:ApplySecurityGroupsToLoadBalancer\",\n        \"elasticloadbalancing:CreateLoadBalancer\",\n        \"elasticloadbalancing:CreateLoadBalancerPolicy\",\n        \"elasticloadbalancing:CreateLoadBalancerListeners\",\n        \"elasticloadbalancing:ConfigureHealthCheck\",\n        \"elasticloadbalancing:DeleteLoadBalancer\",\n        \"elasticloadbalancing:DeleteLoadBalancerListeners\",\n        \"elasticloadbalancing:DescribeLoadBalancers\",\n        \"elasticloadbalancing:DescribeLoadBalancerAttributes\",\n        \"elasticloadbalancing:DetachLoadBalancerFromSubnets\",\n        \"elasticloadbalancing:DeregisterInstancesFromLoadBalancer\",\n        \"elasticloadbalancing:ModifyLoadBalancerAttributes\",\n        \"elasticloadbalancing:RegisterInstancesWithLoadBalancer\",\n        \"elasticloadbalancing:SetLoadBalancerPoliciesForBackendServer\"\n      ],\n      \"Resource\": [\n        \"*\"\n      ]\n    },\n    {\n      \"Effect\": \"Allow\",\n      \"Action\": [\n        \"ec2:DescribeVpcs\",\n        \"elasticloadbalancing:AddTags\",\n        \"elasticloadbalancing:CreateListener\",\n        \"elasticloadbalancing:CreateTargetGroup\",\n        \"elasticloadbalancing:DeleteListener\",\n        \"elasticloadbalancing:DeleteTargetGroup\",\n        \"elasticloadbalancing:DeregisterTargets\",\n        \"elasticloadbalancing:DescribeListeners\",\n        \"elasticloadbalancing:DescribeLoadBalancerPolicies\",\n        \"elasticloadbalancing:DescribeTargetGroups\",\n        \"elasticloadbalancing:DescribeTargetHealth\",\n        \"elasticloadbalancing:ModifyListener\",\n        \"elasticloadbalancing:ModifyTargetGroup\",\n        \"elasticloadbalancing:RegisterTargets\",\n        \"elasticloadbalancing:SetLoadBalancerPoliciesOfListener\"\n      ],\n      \"Resource\": [\n        \"*\"\n      ]\n    },\n    {\n      \"Effect\": \"Allow\",\n      \"Action\": [\n        \"iam:ListServerCertificates\",\n        \"iam:GetServerCertificate\"\n      ],\n      \"Resource\": [\n        \"*\"\n      ]\n    },\n    {\n      \"Effect\": \"Allow\",\n      \"Action\": [\n        \"s3:GetBucketLocation\",\n        \"s3:GetEncryptionConfiguration\",\n        \"s3:ListBucket\",\n        \"s3:ListBucketVersions\"\n      ],\n      \"Resource\": [\n        \"arn:aws:s3:::testenv-k8s-sal\"\n      ]\n    },\n    {\n      \"Effect\": \"Allow\",\n      \"Action\": [\n        \"s3:Get*\"\n      ],\n      \"Resource\": \"arn:aws:s3:::testenv-k8s-sal/ip-172-31-43-193.k8s.local/*\"\n    },\n    {\n      \"Effect\": \"Allow\",\n      \"Action\": [\n        \"s3:GetObject\",\n        \"s3:DeleteObject\",\n        \"s3:DeleteObjectVersion\",\n        \"s3:PutObject\"\n      ],\n      \"Resource\": \"arn:aws:s3:::testenv-k8s-sal/ip-172-31-43-193.k8s.local/backups/etcd/main/*\"\n    },\n    {\n      \"Effect\": \"Allow\",\n      \"Action\": [\n        \"s3:GetObject\",\n        \"s3:DeleteObject\",\n        \"s3:DeleteObjectVersion\",\n        \"s3:PutObject\"\n      ],\n      \"Resource\": \"arn:aws:s3:::testenv-k8s-sal/ip-172-31-43-193.k8s.local/backups/etcd/events/*\"\n    },\n    {\n      \"Effect\": \"Allow\",\n      \"Action\": [\n        \"ecr:GetAuthorizationToken\",\n        \"ecr:BatchCheckLayerAvailability\",\n        \"ecr:GetDownloadUrlForLayer\",\n        \"ecr:GetRepositoryPolicy\",\n        \"ecr:DescribeRepositories\",\n        \"ecr:ListImages\",\n        \"ecr:BatchGetImage\"\n      ],\n      \"Resource\": [\n        \"*\"\n      ]\n    }\n  ]\n}",
            "role": "masters.ip-172-31-43-193.k8s.local"
          },
          "sensitive_attributes": [],
          "private": "bnVsbA==",
          "dependencies": [
            "aws_iam_role.masters-ip-172-31-43-193-k8s-local"
          ]
        }
      ]
    },
    {
      "mode": "managed",
      "type": "aws_iam_role_policy",
      "name": "nodes-ip-172-31-43-193-k8s-local",
      "provider": "provider[\"registry.terraform.io/hashicorp/aws\"]",
      "instances": [
        {
          "schema_version": 0,
          "attributes": {
            "id": "nodes.ip-172-31-43-193.k8s.local:nodes.ip-172-31-43-193.k8s.local",
            "name": "nodes.ip-172-31-43-193.k8s.local",
            "name_prefix": null,
            "policy": "{\n  \"Version\": \"2012-10-17\",\n  \"Statement\": [\n    {\n      \"Effect\": \"Allow\",\n      \"Action\": [\n        \"ec2:DescribeInstances\",\n        \"ec2:DescribeRegions\"\n      ],\n      \"Resource\": [\n        \"*\"\n      ]\n    },\n    {\n      \"Effect\": \"Allow\",\n      \"Action\": [\n        \"s3:GetBucketLocation\",\n        \"s3:GetEncryptionConfiguration\",\n        \"s3:ListBucket\",\n        \"s3:ListBucketVersions\"\n      ],\n      \"Resource\": [\n        \"arn:aws:s3:::testenv-k8s-sal\"\n      ]\n    },\n    {\n      \"Effect\": \"Allow\",\n      \"Action\": [\n        \"s3:Get*\"\n      ],\n      \"Resource\": [\n        \"arn:aws:s3:::testenv-k8s-sal/ip-172-31-43-193.k8s.local/addons/*\",\n        \"arn:aws:s3:::testenv-k8s-sal/ip-172-31-43-193.k8s.local/cluster.spec\",\n        \"arn:aws:s3:::testenv-k8s-sal/ip-172-31-43-193.k8s.local/config\",\n        \"arn:aws:s3:::testenv-k8s-sal/ip-172-31-43-193.k8s.local/instancegroup/*\",\n        \"arn:aws:s3:::testenv-k8s-sal/ip-172-31-43-193.k8s.local/pki/issued/*\",\n        \"arn:aws:s3:::testenv-k8s-sal/ip-172-31-43-193.k8s.local/pki/private/kube-proxy/*\",\n        \"arn:aws:s3:::testenv-k8s-sal/ip-172-31-43-193.k8s.local/pki/private/kubelet/*\",\n        \"arn:aws:s3:::testenv-k8s-sal/ip-172-31-43-193.k8s.local/pki/ssh/*\",\n        \"arn:aws:s3:::testenv-k8s-sal/ip-172-31-43-193.k8s.local/secrets/dockerconfig\"\n      ]\n    },\n    {\n      \"Effect\": \"Allow\",\n      \"Action\": [\n        \"ecr:GetAuthorizationToken\",\n        \"ecr:BatchCheckLayerAvailability\",\n        \"ecr:GetDownloadUrlForLayer\",\n        \"ecr:GetRepositoryPolicy\",\n        \"ecr:DescribeRepositories\",\n        \"ecr:ListImages\",\n        \"ecr:BatchGetImage\"\n      ],\n      \"Resource\": [\n        \"*\"\n      ]\n    }\n  ]\n}",
            "role": "nodes.ip-172-31-43-193.k8s.local"
          },
          "sensitive_attributes": [],
          "private": "bnVsbA==",
          "dependencies": [
            "aws_iam_role.nodes-ip-172-31-43-193-k8s-local"
          ]
        }
      ]
    },
    {
      "mode": "managed",
      "type": "aws_internet_gateway",
      "name": "ip-172-31-43-193-k8s-local",
      "provider": "provider[\"registry.terraform.io/hashicorp/aws\"]",
      "instances": [
        {
          "schema_version": 0,
          "attributes": {
            "arn": "arn:aws:ec2:ap-south-1:316744313301:internet-gateway/igw-0c7cdbd962ff6eecf",
            "id": "igw-0c7cdbd962ff6eecf",
            "owner_id": "316744313301",
            "tags": {
              "KubernetesCluster": "ip-172-31-43-193.k8s.local",
              "Name": "ip-172-31-43-193.k8s.local",
              "kubernetes.io/cluster/ip-172-31-43-193.k8s.local": "owned"
            },
            "vpc_id": "vpc-0d49ad6b962f473ce"
          },
          "sensitive_attributes": [],
          "private": "bnVsbA==",
          "dependencies": [
            "aws_vpc.ip-172-31-43-193-k8s-local"
          ]
        }
      ]
    },
    {
      "mode": "managed",
      "type": "aws_key_pair",
      "name": "kubernetes-ip-172-31-43-193-k8s-local-979172cdc4c39ae0f3f0b04a57a11edf",
      "provider": "provider[\"registry.terraform.io/hashicorp/aws\"]",
      "instances": [
        {
          "schema_version": 1,
          "attributes": {
            "arn": "arn:aws:ec2:ap-south-1:316744313301:key-pair/kubernetes.ip-172-31-43-193.k8s.local-97:91:72:cd:c4:c3:9a:e0:f3:f0:b0:4a:57:a1:1e:df",
            "fingerprint": "1d:4a:b7:82:3f:13:2c:a6:70:d2:aa:07:8e:92:90:f5",
            "id": "kubernetes.ip-172-31-43-193.k8s.local-97:91:72:cd:c4:c3:9a:e0:f3:f0:b0:4a:57:a1:1e:df",
            "key_name": "kubernetes.ip-172-31-43-193.k8s.local-97:91:72:cd:c4:c3:9a:e0:f3:f0:b0:4a:57:a1:1e:df",
            "key_name_prefix": null,
            "key_pair_id": "key-048e8dd04829a6678",
            "public_key": "ssh-rsa AAAAB3NzaC1yc2EAAAADAQABAAABgQC0Rm9AFMWJwhJbudIc6WSu8ykJL4YpoBA6jqsRMfps8dp2HojJVRv7rhP6KmMwZeBGEEsf6NH20SmEtCQDZos9OLJaLGyDqQhhtK133EhQUnDf6TxljW1QM7n1zbM6kP+LlGIrXpNzGSnsgEdG8QHOBnQuObRTDTc/S/ivZeVy2o/PHU3VIJJXRmFdGWmCX2VJ2EQXzvTuKJfxF6qxWGGjYfTjTulwz92BYnwA2+sNyuXnHHUZJqawzVitAcgq5lwL8FIvMITLUx+ieBDOlomia0asfQKkELPm0haS7Wregz/rUgbLBa4dq7qBDxtFgWy8FyHmJXGuR1rtb/vgI4FETDf0cxAEp6PbyhFLw7oDE8X4iA4hVuqGXpELdsO1CZ+mSal47wUS8XG9rISUJyqhPvvZm06RZATUG2yO0akh/g7abTg2DoOuWS12vmaCFsM3gCBWEFpeS8X8L+wcVNpNREwnFcHQFsScsaZwCPSL6hKKUNvv7cEg3FSIOrdzvhc= ubuntu@ip-172-31-43-193",
            "tags": {}
          },
          "sensitive_attributes": [],
          "private": "eyJzY2hlbWFfdmVyc2lvbiI6IjEifQ==",
          "create_before_destroy": true
        }
      ]
    },
    {
      "mode": "managed",
      "type": "aws_launch_configuration",
      "name": "master-ap-south-1b-masters-ip-172-31-43-193-k8s-local",
      "provider": "provider[\"registry.terraform.io/hashicorp/aws\"]",
      "instances": [
        {
          "schema_version": 0,
          "attributes": {
            "arn": "arn:aws:autoscaling:ap-south-1:316744313301:launchConfiguration:b1a961fd-577e-4423-aef5-aee8c89ad56c:launchConfigurationName/master-ap-south-1b.masters.ip-172-31-43-193.k8s.local-20210318152456450300000001",
            "associate_public_ip_address": true,
            "ebs_block_device": [],
            "ebs_optimized": false,
            "enable_monitoring": false,
            "ephemeral_block_device": [],
            "iam_instance_profile": "masters.ip-172-31-43-193.k8s.local",
            "id": "master-ap-south-1b.masters.ip-172-31-43-193.k8s.local-20210318152456450300000001",
            "image_id": "ami-049ab28ed3bb03bc9",
            "instance_type": "t2.micro",
            "key_name": "kubernetes.ip-172-31-43-193.k8s.local-97:91:72:cd:c4:c3:9a:e0:f3:f0:b0:4a:57:a1:1e:df",
            "metadata_options": [],
            "name": "master-ap-south-1b.masters.ip-172-31-43-193.k8s.local-20210318152456450300000001",
            "name_prefix": "master-ap-south-1b.masters.ip-172-31-43-193.k8s.local-",
            "placement_tenancy": null,
            "root_block_device": [
              {
                "delete_on_termination": true,
                "encrypted": false,
                "iops": 0,
                "volume_size": 64,
                "volume_type": "gp2"
              }
            ],
            "security_groups": [
              "sg-0b5c2c301849a3258"
            ],
            "spot_price": "",
            "user_data": "059c3903beb9a6d3b21814b92d4a89af438316c9",
            "user_data_base64": null,
            "vpc_classic_link_id": "",
            "vpc_classic_link_security_groups": []
          },
          "sensitive_attributes": [],
          "private": "bnVsbA==",
          "dependencies": [
            "aws_iam_instance_profile.masters-ip-172-31-43-193-k8s-local",
            "aws_iam_role.masters-ip-172-31-43-193-k8s-local",
            "aws_key_pair.kubernetes-ip-172-31-43-193-k8s-local-979172cdc4c39ae0f3f0b04a57a11edf",
            "aws_security_group.masters-ip-172-31-43-193-k8s-local",
            "aws_vpc.ip-172-31-43-193-k8s-local"
          ],
          "create_before_destroy": true
        }
      ]
    },
    {
      "mode": "managed",
      "type": "aws_launch_configuration",
      "name": "nodes-ip-172-31-43-193-k8s-local",
      "provider": "provider[\"registry.terraform.io/hashicorp/aws\"]",
      "instances": [
        {
          "schema_version": 0,
          "attributes": {
            "arn": "arn:aws:autoscaling:ap-south-1:316744313301:launchConfiguration:35f11a7d-719f-431c-a908-07bae10fcaa6:launchConfigurationName/nodes.ip-172-31-43-193.k8s.local-20210318152456461400000002",
            "associate_public_ip_address": true,
            "ebs_block_device": [],
            "ebs_optimized": false,
            "enable_monitoring": false,
            "ephemeral_block_device": [],
            "iam_instance_profile": "nodes.ip-172-31-43-193.k8s.local",
            "id": "nodes.ip-172-31-43-193.k8s.local-20210318152456461400000002",
            "image_id": "ami-049ab28ed3bb03bc9",
            "instance_type": "t2.micro",
            "key_name": "kubernetes.ip-172-31-43-193.k8s.local-97:91:72:cd:c4:c3:9a:e0:f3:f0:b0:4a:57:a1:1e:df",
            "metadata_options": [],
            "name": "nodes.ip-172-31-43-193.k8s.local-20210318152456461400000002",
            "name_prefix": "nodes.ip-172-31-43-193.k8s.local-",
            "placement_tenancy": null,
            "root_block_device": [
              {
                "delete_on_termination": true,
                "encrypted": false,
                "iops": 0,
                "volume_size": 128,
                "volume_type": "gp2"
              }
            ],
            "security_groups": [
              "sg-07f7aedfbcbdb3112"
            ],
            "spot_price": "",
            "user_data": "c57fde6f9d96125ff1014a03ed28e89547da5b90",
            "user_data_base64": null,
            "vpc_classic_link_id": "",
            "vpc_classic_link_security_groups": []
          },
          "sensitive_attributes": [],
          "private": "bnVsbA==",
          "dependencies": [
            "aws_iam_instance_profile.nodes-ip-172-31-43-193-k8s-local",
            "aws_iam_role.nodes-ip-172-31-43-193-k8s-local",
            "aws_key_pair.kubernetes-ip-172-31-43-193-k8s-local-979172cdc4c39ae0f3f0b04a57a11edf",
            "aws_security_group.nodes-ip-172-31-43-193-k8s-local",
            "aws_vpc.ip-172-31-43-193-k8s-local"
          ],
          "create_before_destroy": true
        }
      ]
    },
    {
      "mode": "managed",
      "type": "aws_route",
      "name": "route-0-0-0-0--0",
      "provider": "provider[\"registry.terraform.io/hashicorp/aws\"]",
      "instances": [
        {
          "schema_version": 0,
          "attributes": {
            "destination_cidr_block": "0.0.0.0/0",
            "destination_ipv6_cidr_block": "",
            "destination_prefix_list_id": "",
            "egress_only_gateway_id": "",
            "gateway_id": "igw-0c7cdbd962ff6eecf",
            "id": "r-rtb-0a0a4d5b131a4f7ee1080289494",
            "instance_id": "",
            "instance_owner_id": "",
            "local_gateway_id": "",
            "nat_gateway_id": "",
            "network_interface_id": "",
            "origin": "CreateRoute",
            "route_table_id": "rtb-0a0a4d5b131a4f7ee",
            "state": "active",
            "timeouts": null,
            "transit_gateway_id": "",
            "vpc_endpoint_id": null,
            "vpc_peering_connection_id": ""
          },
          "sensitive_attributes": [],
          "private": "eyJlMmJmYjczMC1lY2FhLTExZTYtOGY4OC0zNDM2M2JjN2M0YzAiOnsiY3JlYXRlIjoxMjAwMDAwMDAwMDAsImRlbGV0ZSI6MzAwMDAwMDAwMDAwfX0=",
          "dependencies": [
            "aws_internet_gateway.ip-172-31-43-193-k8s-local",
            "aws_route_table.ip-172-31-43-193-k8s-local",
            "aws_vpc.ip-172-31-43-193-k8s-local"
          ]
        }
      ]
    },
    {
      "mode": "managed",
      "type": "aws_route_table",
      "name": "ip-172-31-43-193-k8s-local",
      "provider": "provider[\"registry.terraform.io/hashicorp/aws\"]",
      "instances": [
        {
          "schema_version": 0,
          "attributes": {
            "id": "rtb-0a0a4d5b131a4f7ee",
            "owner_id": "316744313301",
            "propagating_vgws": [],
            "route": [
              {
                "cidr_block": "0.0.0.0/0",
                "egress_only_gateway_id": "",
                "gateway_id": "igw-0c7cdbd962ff6eecf",
                "instance_id": "",
                "ipv6_cidr_block": "",
                "local_gateway_id": "",
                "nat_gateway_id": "",
                "network_interface_id": "",
                "transit_gateway_id": "",
                "vpc_endpoint_id": "",
                "vpc_peering_connection_id": ""
              }
            ],
            "tags": {
              "KubernetesCluster": "ip-172-31-43-193.k8s.local",
              "Name": "ip-172-31-43-193.k8s.local",
              "kubernetes.io/cluster/ip-172-31-43-193.k8s.local": "owned",
              "kubernetes.io/kops/role": "public"
            },
            "vpc_id": "vpc-0d49ad6b962f473ce"
          },
          "sensitive_attributes": [],
          "private": "bnVsbA==",
          "dependencies": [
            "aws_vpc.ip-172-31-43-193-k8s-local"
          ]
        }
      ]
    },
    {
      "mode": "managed",
      "type": "aws_route_table_association",
      "name": "ap-south-1b-ip-172-31-43-193-k8s-local",
      "provider": "provider[\"registry.terraform.io/hashicorp/aws\"]",
      "instances": [
        {
          "schema_version": 0,
          "attributes": {
            "gateway_id": null,
            "id": "rtbassoc-0cc667ead9a714ccb",
            "route_table_id": "rtb-0a0a4d5b131a4f7ee",
            "subnet_id": "subnet-0e1103b3ecf58cf6a"
          },
          "sensitive_attributes": [],
          "private": "bnVsbA==",
          "dependencies": [
            "aws_route_table.ip-172-31-43-193-k8s-local",
            "aws_subnet.ap-south-1b-ip-172-31-43-193-k8s-local",
            "aws_vpc.ip-172-31-43-193-k8s-local"
          ]
        }
      ]
    },
    {
      "mode": "managed",
      "type": "aws_security_group",
      "name": "api-elb-ip-172-31-43-193-k8s-local",
      "provider": "provider[\"registry.terraform.io/hashicorp/aws\"]",
      "instances": [
        {
          "schema_version": 1,
          "attributes": {
            "arn": "arn:aws:ec2:ap-south-1:316744313301:security-group/sg-075d7d242f5e37d67",
            "description": "Security group for api ELB",
            "egress": [
              {
                "cidr_blocks": [
                  "0.0.0.0/0"
                ],
                "description": "",
                "from_port": 0,
                "ipv6_cidr_blocks": [],
                "prefix_list_ids": [],
                "protocol": "-1",
                "security_groups": [],
                "self": false,
                "to_port": 0
              }
            ],
            "id": "sg-075d7d242f5e37d67",
            "ingress": [
              {
                "cidr_blocks": [
                  "0.0.0.0/0"
                ],
                "description": "",
                "from_port": 3,
                "ipv6_cidr_blocks": [],
                "prefix_list_ids": [],
                "protocol": "icmp",
                "security_groups": [],
                "self": false,
                "to_port": 4
              },
              {
                "cidr_blocks": [
                  "0.0.0.0/0"
                ],
                "description": "",
                "from_port": 443,
                "ipv6_cidr_blocks": [],
                "prefix_list_ids": [],
                "protocol": "tcp",
                "security_groups": [],
                "self": false,
                "to_port": 443
              }
            ],
            "name": "api-elb.ip-172-31-43-193.k8s.local",
            "name_prefix": "",
            "owner_id": "316744313301",
            "revoke_rules_on_delete": false,
            "tags": {
              "KubernetesCluster": "ip-172-31-43-193.k8s.local",
              "Name": "api-elb.ip-172-31-43-193.k8s.local",
              "kubernetes.io/cluster/ip-172-31-43-193.k8s.local": "owned"
            },
            "timeouts": null,
            "vpc_id": "vpc-0d49ad6b962f473ce"
          },
          "sensitive_attributes": [],
          "private": "eyJlMmJmYjczMC1lY2FhLTExZTYtOGY4OC0zNDM2M2JjN2M0YzAiOnsiY3JlYXRlIjo2MDAwMDAwMDAwMDAsImRlbGV0ZSI6NjAwMDAwMDAwMDAwfSwic2NoZW1hX3ZlcnNpb24iOiIxIn0=",
          "dependencies": [
            "aws_vpc.ip-172-31-43-193-k8s-local"
          ]
        }
      ]
    },
    {
      "mode": "managed",
      "type": "aws_security_group",
      "name": "masters-ip-172-31-43-193-k8s-local",
      "provider": "provider[\"registry.terraform.io/hashicorp/aws\"]",
      "instances": [
        {
          "schema_version": 1,
          "attributes": {
            "arn": "arn:aws:ec2:ap-south-1:316744313301:security-group/sg-0b5c2c301849a3258",
            "description": "Security group for masters",
            "egress": [
              {
                "cidr_blocks": [
                  "0.0.0.0/0"
                ],
                "description": "",
                "from_port": 0,
                "ipv6_cidr_blocks": [],
                "prefix_list_ids": [],
                "protocol": "-1",
                "security_groups": [],
                "self": false,
                "to_port": 0
              }
            ],
            "id": "sg-0b5c2c301849a3258",
            "ingress": [
              {
                "cidr_blocks": [
                  "0.0.0.0/0"
                ],
                "description": "",
                "from_port": 22,
                "ipv6_cidr_blocks": [],
                "prefix_list_ids": [],
                "protocol": "tcp",
                "security_groups": [],
                "self": false,
                "to_port": 22
              },
              {
                "cidr_blocks": [],
                "description": "",
                "from_port": 0,
                "ipv6_cidr_blocks": [],
                "prefix_list_ids": [],
                "protocol": "-1",
                "security_groups": [],
                "self": true,
                "to_port": 0
              },
              {
                "cidr_blocks": [],
                "description": "",
                "from_port": 1,
                "ipv6_cidr_blocks": [],
                "prefix_list_ids": [],
                "protocol": "tcp",
                "security_groups": [
                  "sg-07f7aedfbcbdb3112"
                ],
                "self": false,
                "to_port": 2379
              },
              {
                "cidr_blocks": [],
                "description": "",
                "from_port": 1,
                "ipv6_cidr_blocks": [],
                "prefix_list_ids": [],
                "protocol": "udp",
                "security_groups": [
                  "sg-07f7aedfbcbdb3112"
                ],
                "self": false,
                "to_port": 65535
              },
              {
                "cidr_blocks": [],
                "description": "",
                "from_port": 2382,
                "ipv6_cidr_blocks": [],
                "prefix_list_ids": [],
                "protocol": "tcp",
                "security_groups": [
                  "sg-07f7aedfbcbdb3112"
                ],
                "self": false,
                "to_port": 4000
              },
              {
                "cidr_blocks": [],
                "description": "",
                "from_port": 4003,
                "ipv6_cidr_blocks": [],
                "prefix_list_ids": [],
                "protocol": "tcp",
                "security_groups": [
                  "sg-07f7aedfbcbdb3112"
                ],
                "self": false,
                "to_port": 65535
              },
              {
                "cidr_blocks": [],
                "description": "",
                "from_port": 443,
                "ipv6_cidr_blocks": [],
                "prefix_list_ids": [],
                "protocol": "tcp",
                "security_groups": [
                  "sg-075d7d242f5e37d67"
                ],
                "self": false,
                "to_port": 443
              }
            ],
            "name": "masters.ip-172-31-43-193.k8s.local",
            "name_prefix": "",
            "owner_id": "316744313301",
            "revoke_rules_on_delete": false,
            "tags": {
              "KubernetesCluster": "ip-172-31-43-193.k8s.local",
              "Name": "masters.ip-172-31-43-193.k8s.local",
              "kubernetes.io/cluster/ip-172-31-43-193.k8s.local": "owned"
            },
            "timeouts": null,
            "vpc_id": "vpc-0d49ad6b962f473ce"
          },
          "sensitive_attributes": [],
          "private": "eyJlMmJmYjczMC1lY2FhLTExZTYtOGY4OC0zNDM2M2JjN2M0YzAiOnsiY3JlYXRlIjo2MDAwMDAwMDAwMDAsImRlbGV0ZSI6NjAwMDAwMDAwMDAwfSwic2NoZW1hX3ZlcnNpb24iOiIxIn0=",
          "dependencies": [
            "aws_vpc.ip-172-31-43-193-k8s-local"
          ],
          "create_before_destroy": true
        }
      ]
    },
    {
      "mode": "managed",
      "type": "aws_security_group",
      "name": "nodes-ip-172-31-43-193-k8s-local",
      "provider": "provider[\"registry.terraform.io/hashicorp/aws\"]",
      "instances": [
        {
          "schema_version": 1,
          "attributes": {
            "arn": "arn:aws:ec2:ap-south-1:316744313301:security-group/sg-07f7aedfbcbdb3112",
            "description": "Security group for nodes",
            "egress": [
              {
                "cidr_blocks": [
                  "0.0.0.0/0"
                ],
                "description": "",
                "from_port": 0,
                "ipv6_cidr_blocks": [],
                "prefix_list_ids": [],
                "protocol": "-1",
                "security_groups": [],
                "self": false,
                "to_port": 0
              }
            ],
            "id": "sg-07f7aedfbcbdb3112",
            "ingress": [
              {
                "cidr_blocks": [
                  "0.0.0.0/0"
                ],
                "description": "",
                "from_port": 22,
                "ipv6_cidr_blocks": [],
                "prefix_list_ids": [],
                "protocol": "tcp",
                "security_groups": [],
                "self": false,
                "to_port": 22
              },
              {
                "cidr_blocks": [],
                "description": "",
                "from_port": 0,
                "ipv6_cidr_blocks": [],
                "prefix_list_ids": [],
                "protocol": "-1",
                "security_groups": [
                  "sg-0b5c2c301849a3258"
                ],
                "self": true,
                "to_port": 0
              }
            ],
            "name": "nodes.ip-172-31-43-193.k8s.local",
            "name_prefix": "",
            "owner_id": "316744313301",
            "revoke_rules_on_delete": false,
            "tags": {
              "KubernetesCluster": "ip-172-31-43-193.k8s.local",
              "Name": "nodes.ip-172-31-43-193.k8s.local",
              "kubernetes.io/cluster/ip-172-31-43-193.k8s.local": "owned"
            },
            "timeouts": null,
            "vpc_id": "vpc-0d49ad6b962f473ce"
          },
          "sensitive_attributes": [],
          "private": "eyJlMmJmYjczMC1lY2FhLTExZTYtOGY4OC0zNDM2M2JjN2M0YzAiOnsiY3JlYXRlIjo2MDAwMDAwMDAwMDAsImRlbGV0ZSI6NjAwMDAwMDAwMDAwfSwic2NoZW1hX3ZlcnNpb24iOiIxIn0=",
          "dependencies": [
            "aws_vpc.ip-172-31-43-193-k8s-local"
          ],
          "create_before_destroy": true
        }
      ]
    },
    {
      "mode": "managed",
      "type": "aws_security_group_rule",
      "name": "all-master-to-master",
      "provider": "provider[\"registry.terraform.io/hashicorp/aws\"]",
      "instances": [
        {
          "schema_version": 2,
          "attributes": {
            "cidr_blocks": [],
            "description": "",
            "from_port": 0,
            "id": "sgrule-578559782",
            "ipv6_cidr_blocks": [],
            "prefix_list_ids": [],
            "protocol": "-1",
            "security_group_id": "sg-0b5c2c301849a3258",
            "self": false,
            "source_security_group_id": "sg-0b5c2c301849a3258",
            "to_port": 0,
            "type": "ingress"
          },
          "sensitive_attributes": [],
          "private": "eyJzY2hlbWFfdmVyc2lvbiI6IjIifQ==",
          "dependencies": [
            "aws_security_group.masters-ip-172-31-43-193-k8s-local",
            "aws_vpc.ip-172-31-43-193-k8s-local"
          ]
        }
      ]
    },
    {
      "mode": "managed",
      "type": "aws_security_group_rule",
      "name": "all-master-to-node",
      "provider": "provider[\"registry.terraform.io/hashicorp/aws\"]",
      "instances": [
        {
          "schema_version": 2,
          "attributes": {
            "cidr_blocks": [],
            "description": "",
            "from_port": 0,
            "id": "sgrule-2374681597",
            "ipv6_cidr_blocks": [],
            "prefix_list_ids": [],
            "protocol": "-1",
            "security_group_id": "sg-07f7aedfbcbdb3112",
            "self": false,
            "source_security_group_id": "sg-0b5c2c301849a3258",
            "to_port": 0,
            "type": "ingress"
          },
          "sensitive_attributes": [],
          "private": "eyJzY2hlbWFfdmVyc2lvbiI6IjIifQ==",
          "dependencies": [
            "aws_security_group.masters-ip-172-31-43-193-k8s-local",
            "aws_security_group.nodes-ip-172-31-43-193-k8s-local",
            "aws_vpc.ip-172-31-43-193-k8s-local"
          ]
        }
      ]
    },
    {
      "mode": "managed",
      "type": "aws_security_group_rule",
      "name": "all-node-to-node",
      "provider": "provider[\"registry.terraform.io/hashicorp/aws\"]",
      "instances": [
        {
          "schema_version": 2,
          "attributes": {
            "cidr_blocks": [],
            "description": "",
            "from_port": 0,
            "id": "sgrule-2740767753",
            "ipv6_cidr_blocks": [],
            "prefix_list_ids": [],
            "protocol": "-1",
            "security_group_id": "sg-07f7aedfbcbdb3112",
            "self": false,
            "source_security_group_id": "sg-07f7aedfbcbdb3112",
            "to_port": 0,
            "type": "ingress"
          },
          "sensitive_attributes": [],
          "private": "eyJzY2hlbWFfdmVyc2lvbiI6IjIifQ==",
          "dependencies": [
            "aws_security_group.nodes-ip-172-31-43-193-k8s-local",
            "aws_vpc.ip-172-31-43-193-k8s-local"
          ]
        }
      ]
    },
    {
      "mode": "managed",
      "type": "aws_security_group_rule",
      "name": "api-elb-egress",
      "provider": "provider[\"registry.terraform.io/hashicorp/aws\"]",
      "instances": [
        {
          "schema_version": 2,
          "attributes": {
            "cidr_blocks": [
              "0.0.0.0/0"
            ],
            "description": "",
            "from_port": 0,
            "id": "sgrule-2420355187",
            "ipv6_cidr_blocks": [],
            "prefix_list_ids": [],
            "protocol": "-1",
            "security_group_id": "sg-075d7d242f5e37d67",
            "self": false,
            "source_security_group_id": null,
            "to_port": 0,
            "type": "egress"
          },
          "sensitive_attributes": [],
          "private": "eyJzY2hlbWFfdmVyc2lvbiI6IjIifQ==",
          "dependencies": [
            "aws_security_group.api-elb-ip-172-31-43-193-k8s-local",
            "aws_vpc.ip-172-31-43-193-k8s-local"
          ]
        }
      ]
    },
    {
      "mode": "managed",
      "type": "aws_security_group_rule",
      "name": "https-api-elb-0-0-0-0--0",
      "provider": "provider[\"registry.terraform.io/hashicorp/aws\"]",
      "instances": [
        {
          "schema_version": 2,
          "attributes": {
            "cidr_blocks": [
              "0.0.0.0/0"
            ],
            "description": "",
            "from_port": 443,
            "id": "sgrule-4141924020",
            "ipv6_cidr_blocks": [],
            "prefix_list_ids": [],
            "protocol": "tcp",
            "security_group_id": "sg-075d7d242f5e37d67",
            "self": false,
            "source_security_group_id": null,
            "to_port": 443,
            "type": "ingress"
          },
          "sensitive_attributes": [],
          "private": "eyJzY2hlbWFfdmVyc2lvbiI6IjIifQ==",
          "dependencies": [
            "aws_security_group.api-elb-ip-172-31-43-193-k8s-local",
            "aws_vpc.ip-172-31-43-193-k8s-local"
          ]
        }
      ]
    },
    {
      "mode": "managed",
      "type": "aws_security_group_rule",
      "name": "https-elb-to-master",
      "provider": "provider[\"registry.terraform.io/hashicorp/aws\"]",
      "instances": [
        {
          "schema_version": 2,
          "attributes": {
            "cidr_blocks": [],
            "description": "",
            "from_port": 443,
            "id": "sgrule-2249626162",
            "ipv6_cidr_blocks": [],
            "prefix_list_ids": [],
            "protocol": "tcp",
            "security_group_id": "sg-0b5c2c301849a3258",
            "self": false,
            "source_security_group_id": "sg-075d7d242f5e37d67",
            "to_port": 443,
            "type": "ingress"
          },
          "sensitive_attributes": [],
          "private": "eyJzY2hlbWFfdmVyc2lvbiI6IjIifQ==",
          "dependencies": [
            "aws_security_group.api-elb-ip-172-31-43-193-k8s-local",
            "aws_security_group.masters-ip-172-31-43-193-k8s-local",
            "aws_vpc.ip-172-31-43-193-k8s-local"
          ]
        }
      ]
    },
    {
      "mode": "managed",
      "type": "aws_security_group_rule",
      "name": "icmp-pmtu-api-elb-0-0-0-0--0",
      "provider": "provider[\"registry.terraform.io/hashicorp/aws\"]",
      "instances": [
        {
          "schema_version": 2,
          "attributes": {
            "cidr_blocks": [
              "0.0.0.0/0"
            ],
            "description": "",
            "from_port": 3,
            "id": "sgrule-811479010",
            "ipv6_cidr_blocks": [],
            "prefix_list_ids": [],
            "protocol": "icmp",
            "security_group_id": "sg-075d7d242f5e37d67",
            "self": false,
            "source_security_group_id": null,
            "to_port": 4,
            "type": "ingress"
          },
          "sensitive_attributes": [],
          "private": "eyJzY2hlbWFfdmVyc2lvbiI6IjIifQ==",
          "dependencies": [
            "aws_security_group.api-elb-ip-172-31-43-193-k8s-local",
            "aws_vpc.ip-172-31-43-193-k8s-local"
          ]
        }
      ]
    },
    {
      "mode": "managed",
      "type": "aws_security_group_rule",
      "name": "master-egress",
      "provider": "provider[\"registry.terraform.io/hashicorp/aws\"]",
      "instances": [
        {
          "schema_version": 2,
          "attributes": {
            "cidr_blocks": [
              "0.0.0.0/0"
            ],
            "description": "",
            "from_port": 0,
            "id": "sgrule-2789801392",
            "ipv6_cidr_blocks": [],
            "prefix_list_ids": [],
            "protocol": "-1",
            "security_group_id": "sg-0b5c2c301849a3258",
            "self": false,
            "source_security_group_id": null,
            "to_port": 0,
            "type": "egress"
          },
          "sensitive_attributes": [],
          "private": "eyJzY2hlbWFfdmVyc2lvbiI6IjIifQ==",
          "dependencies": [
            "aws_security_group.masters-ip-172-31-43-193-k8s-local",
            "aws_vpc.ip-172-31-43-193-k8s-local"
          ]
        }
      ]
    },
    {
      "mode": "managed",
      "type": "aws_security_group_rule",
      "name": "node-egress",
      "provider": "provider[\"registry.terraform.io/hashicorp/aws\"]",
      "instances": [
        {
          "schema_version": 2,
          "attributes": {
            "cidr_blocks": [
              "0.0.0.0/0"
            ],
            "description": "",
            "from_port": 0,
            "id": "sgrule-999432419",
            "ipv6_cidr_blocks": [],
            "prefix_list_ids": [],
            "protocol": "-1",
            "security_group_id": "sg-07f7aedfbcbdb3112",
            "self": false,
            "source_security_group_id": null,
            "to_port": 0,
            "type": "egress"
          },
          "sensitive_attributes": [],
          "private": "eyJzY2hlbWFfdmVyc2lvbiI6IjIifQ==",
          "dependencies": [
            "aws_security_group.nodes-ip-172-31-43-193-k8s-local",
            "aws_vpc.ip-172-31-43-193-k8s-local"
          ]
        }
      ]
    },
    {
      "mode": "managed",
      "type": "aws_security_group_rule",
      "name": "node-to-master-tcp-1-2379",
      "provider": "provider[\"registry.terraform.io/hashicorp/aws\"]",
      "instances": [
        {
          "schema_version": 2,
          "attributes": {
            "cidr_blocks": [],
            "description": "",
            "from_port": 1,
            "id": "sgrule-1898082238",
            "ipv6_cidr_blocks": [],
            "prefix_list_ids": [],
            "protocol": "tcp",
            "security_group_id": "sg-0b5c2c301849a3258",
            "self": false,
            "source_security_group_id": "sg-07f7aedfbcbdb3112",
            "to_port": 2379,
            "type": "ingress"
          },
          "sensitive_attributes": [],
          "private": "eyJzY2hlbWFfdmVyc2lvbiI6IjIifQ==",
          "dependencies": [
            "aws_security_group.masters-ip-172-31-43-193-k8s-local",
            "aws_security_group.nodes-ip-172-31-43-193-k8s-local",
            "aws_vpc.ip-172-31-43-193-k8s-local"
          ]
        }
      ]
    },
    {
      "mode": "managed",
      "type": "aws_security_group_rule",
      "name": "node-to-master-tcp-2382-4000",
      "provider": "provider[\"registry.terraform.io/hashicorp/aws\"]",
      "instances": [
        {
          "schema_version": 2,
          "attributes": {
            "cidr_blocks": [],
            "description": "",
            "from_port": 2382,
            "id": "sgrule-3372474526",
            "ipv6_cidr_blocks": [],
            "prefix_list_ids": [],
            "protocol": "tcp",
            "security_group_id": "sg-0b5c2c301849a3258",
            "self": false,
            "source_security_group_id": "sg-07f7aedfbcbdb3112",
            "to_port": 4000,
            "type": "ingress"
          },
          "sensitive_attributes": [],
          "private": "eyJzY2hlbWFfdmVyc2lvbiI6IjIifQ==",
          "dependencies": [
            "aws_security_group.masters-ip-172-31-43-193-k8s-local",
            "aws_security_group.nodes-ip-172-31-43-193-k8s-local",
            "aws_vpc.ip-172-31-43-193-k8s-local"
          ]
        }
      ]
    },
    {
      "mode": "managed",
      "type": "aws_security_group_rule",
      "name": "node-to-master-tcp-4003-65535",
      "provider": "provider[\"registry.terraform.io/hashicorp/aws\"]",
      "instances": [
        {
          "schema_version": 2,
          "attributes": {
            "cidr_blocks": [],
            "description": "",
            "from_port": 4003,
            "id": "sgrule-4152017121",
            "ipv6_cidr_blocks": [],
            "prefix_list_ids": [],
            "protocol": "tcp",
            "security_group_id": "sg-0b5c2c301849a3258",
            "self": false,
            "source_security_group_id": "sg-07f7aedfbcbdb3112",
            "to_port": 65535,
            "type": "ingress"
          },
          "sensitive_attributes": [],
          "private": "eyJzY2hlbWFfdmVyc2lvbiI6IjIifQ==",
          "dependencies": [
            "aws_security_group.masters-ip-172-31-43-193-k8s-local",
            "aws_security_group.nodes-ip-172-31-43-193-k8s-local",
            "aws_vpc.ip-172-31-43-193-k8s-local"
          ]
        }
      ]
    },
    {
      "mode": "managed",
      "type": "aws_security_group_rule",
      "name": "node-to-master-udp-1-65535",
      "provider": "provider[\"registry.terraform.io/hashicorp/aws\"]",
      "instances": [
        {
          "schema_version": 2,
          "attributes": {
            "cidr_blocks": [],
            "description": "",
            "from_port": 1,
            "id": "sgrule-1371853974",
            "ipv6_cidr_blocks": [],
            "prefix_list_ids": [],
            "protocol": "udp",
            "security_group_id": "sg-0b5c2c301849a3258",
            "self": false,
            "source_security_group_id": "sg-07f7aedfbcbdb3112",
            "to_port": 65535,
            "type": "ingress"
          },
          "sensitive_attributes": [],
          "private": "eyJzY2hlbWFfdmVyc2lvbiI6IjIifQ==",
          "dependencies": [
            "aws_security_group.masters-ip-172-31-43-193-k8s-local",
            "aws_security_group.nodes-ip-172-31-43-193-k8s-local",
            "aws_vpc.ip-172-31-43-193-k8s-local"
          ]
        }
      ]
    },
    {
      "mode": "managed",
      "type": "aws_security_group_rule",
      "name": "ssh-external-to-master-0-0-0-0--0",
      "provider": "provider[\"registry.terraform.io/hashicorp/aws\"]",
      "instances": [
        {
          "schema_version": 2,
          "attributes": {
            "cidr_blocks": [
              "0.0.0.0/0"
            ],
            "description": "",
            "from_port": 22,
            "id": "sgrule-2189063687",
            "ipv6_cidr_blocks": [],
            "prefix_list_ids": [],
            "protocol": "tcp",
            "security_group_id": "sg-0b5c2c301849a3258",
            "self": false,
            "source_security_group_id": null,
            "to_port": 22,
            "type": "ingress"
          },
          "sensitive_attributes": [],
          "private": "eyJzY2hlbWFfdmVyc2lvbiI6IjIifQ==",
          "dependencies": [
            "aws_security_group.masters-ip-172-31-43-193-k8s-local",
            "aws_vpc.ip-172-31-43-193-k8s-local"
          ]
        }
      ]
    },
    {
      "mode": "managed",
      "type": "aws_security_group_rule",
      "name": "ssh-external-to-node-0-0-0-0--0",
      "provider": "provider[\"registry.terraform.io/hashicorp/aws\"]",
      "instances": [
        {
          "schema_version": 2,
          "attributes": {
            "cidr_blocks": [
              "0.0.0.0/0"
            ],
            "description": "",
            "from_port": 22,
            "id": "sgrule-167001167",
            "ipv6_cidr_blocks": [],
            "prefix_list_ids": [],
            "protocol": "tcp",
            "security_group_id": "sg-07f7aedfbcbdb3112",
            "self": false,
            "source_security_group_id": null,
            "to_port": 22,
            "type": "ingress"
          },
          "sensitive_attributes": [],
          "private": "eyJzY2hlbWFfdmVyc2lvbiI6IjIifQ==",
          "dependencies": [
            "aws_security_group.nodes-ip-172-31-43-193-k8s-local",
            "aws_vpc.ip-172-31-43-193-k8s-local"
          ]
        }
      ]
    },
    {
      "mode": "managed",
      "type": "aws_subnet",
      "name": "ap-south-1b-ip-172-31-43-193-k8s-local",
      "provider": "provider[\"registry.terraform.io/hashicorp/aws\"]",
      "instances": [
        {
          "schema_version": 1,
          "attributes": {
            "arn": "arn:aws:ec2:ap-south-1:316744313301:subnet/subnet-0e1103b3ecf58cf6a",
            "assign_ipv6_address_on_creation": false,
            "availability_zone": "ap-south-1b",
            "availability_zone_id": "aps1-az3",
            "cidr_block": "172.20.32.0/19",
            "customer_owned_ipv4_pool": "",
            "id": "subnet-0e1103b3ecf58cf6a",
            "ipv6_cidr_block": "",
            "ipv6_cidr_block_association_id": "",
            "map_customer_owned_ip_on_launch": false,
            "map_public_ip_on_launch": false,
            "outpost_arn": "",
            "owner_id": "316744313301",
            "tags": {
              "KubernetesCluster": "ip-172-31-43-193.k8s.local",
              "Name": "ap-south-1b.ip-172-31-43-193.k8s.local",
              "SubnetType": "Public",
              "kubernetes.io/cluster/ip-172-31-43-193.k8s.local": "owned",
              "kubernetes.io/role/elb": "1"
            },
            "timeouts": null,
            "vpc_id": "vpc-0d49ad6b962f473ce"
          },
          "sensitive_attributes": [],
          "private": "eyJlMmJmYjczMC1lY2FhLTExZTYtOGY4OC0zNDM2M2JjN2M0YzAiOnsiY3JlYXRlIjo2MDAwMDAwMDAwMDAsImRlbGV0ZSI6MTIwMDAwMDAwMDAwMH0sInNjaGVtYV92ZXJzaW9uIjoiMSJ9",
          "dependencies": [
            "aws_vpc.ip-172-31-43-193-k8s-local"
          ]
        }
      ]
    },
    {
      "mode": "managed",
      "type": "aws_vpc",
      "name": "ip-172-31-43-193-k8s-local",
      "provider": "provider[\"registry.terraform.io/hashicorp/aws\"]",
      "instances": [
        {
          "schema_version": 1,
          "attributes": {
            "arn": "arn:aws:ec2:ap-south-1:316744313301:vpc/vpc-0d49ad6b962f473ce",
            "assign_generated_ipv6_cidr_block": false,
            "cidr_block": "172.20.0.0/16",
            "default_network_acl_id": "acl-0d7b67caaff9a5ef1",
            "default_route_table_id": "rtb-030e16ef23fc95bd8",
            "default_security_group_id": "sg-00a3343e0bf2dafb1",
            "dhcp_options_id": "dopt-00fa22c06a716aa0b",
            "enable_classiclink": null,
            "enable_classiclink_dns_support": null,
            "enable_dns_hostnames": true,
            "enable_dns_support": true,
            "id": "vpc-0d49ad6b962f473ce",
            "instance_tenancy": "default",
            "ipv6_association_id": "",
            "ipv6_cidr_block": "",
            "main_route_table_id": "rtb-030e16ef23fc95bd8",
            "owner_id": "316744313301",
            "tags": {
              "KubernetesCluster": "ip-172-31-43-193.k8s.local",
              "Name": "ip-172-31-43-193.k8s.local",
              "kubernetes.io/cluster/ip-172-31-43-193.k8s.local": "owned"
            }
          },
          "sensitive_attributes": [],
          "private": "eyJzY2hlbWFfdmVyc2lvbiI6IjEifQ==",
          "create_before_destroy": true
        }
      ]
    },
    {
      "mode": "managed",
      "type": "aws_vpc_dhcp_options",
      "name": "ip-172-31-43-193-k8s-local",
      "provider": "provider[\"registry.terraform.io/hashicorp/aws\"]",
      "instances": [
        {
          "schema_version": 0,
          "attributes": {
            "arn": "arn:aws:ec2:ap-south-1:316744313301:dhcp-options/dopt-00fa22c06a716aa0b",
            "domain_name": "ap-south-1.compute.internal",
            "domain_name_servers": [
              "AmazonProvidedDNS"
            ],
            "id": "dopt-00fa22c06a716aa0b",
            "netbios_name_servers": null,
            "netbios_node_type": null,
            "ntp_servers": null,
            "owner_id": "316744313301",
            "tags": {
              "KubernetesCluster": "ip-172-31-43-193.k8s.local",
              "Name": "ip-172-31-43-193.k8s.local",
              "kubernetes.io/cluster/ip-172-31-43-193.k8s.local": "owned"
            }
          },
          "sensitive_attributes": [],
          "private": "bnVsbA=="
        }
      ]
    },
    {
      "mode": "managed",
      "type": "aws_vpc_dhcp_options_association",
      "name": "ip-172-31-43-193-k8s-local",
      "provider": "provider[\"registry.terraform.io/hashicorp/aws\"]",
      "instances": [
        {
          "schema_version": 0,
          "attributes": {
            "dhcp_options_id": "dopt-00fa22c06a716aa0b",
            "id": "dopt-00fa22c06a716aa0b-vpc-0d49ad6b962f473ce",
            "vpc_id": "vpc-0d49ad6b962f473ce"
          },
          "sensitive_attributes": [],
          "private": "bnVsbA==",
          "dependencies": [
            "aws_vpc.ip-172-31-43-193-k8s-local",
            "aws_vpc_dhcp_options.ip-172-31-43-193-k8s-local"
          ]
        }
      ]
    }
  ]
}
